// !$*UTF8*$!
{
	archiveVersion = 1;
	classes = {
	};
	objectVersion = 50;
	objects = {

/* Begin PBXBuildFile section */
		BE5F283D250871A80059099A /* AppDelegate.swift in Sources */ = {isa = PBXBuildFile; fileRef = BE5F283C250871A80059099A /* AppDelegate.swift */; };
		BE5F283F250871A80059099A /* SceneDelegate.swift in Sources */ = {isa = PBXBuildFile; fileRef = BE5F283E250871A80059099A /* SceneDelegate.swift */; };
		BE5F2841250871A80059099A /* ContentView.swift in Sources */ = {isa = PBXBuildFile; fileRef = BE5F2840250871A80059099A /* ContentView.swift */; };
		BE5F2843250871AB0059099A /* Assets.xcassets in Resources */ = {isa = PBXBuildFile; fileRef = BE5F2842250871AB0059099A /* Assets.xcassets */; };
		BE5F2846250871AB0059099A /* Preview Assets.xcassets in Resources */ = {isa = PBXBuildFile; fileRef = BE5F2845250871AB0059099A /* Preview Assets.xcassets */; };
		BE5F2849250871AB0059099A /* LaunchScreen.storyboard in Resources */ = {isa = PBXBuildFile; fileRef = BE5F2847250871AB0059099A /* LaunchScreen.storyboard */; };
		BE5F2851250872250059099A /* SignupScreen.swift in Sources */ = {isa = PBXBuildFile; fileRef = BE5F2850250872250059099A /* SignupScreen.swift */; };
		BE6DA4632509E00A00617654 /* AvatarView.swift in Sources */ = {isa = PBXBuildFile; fileRef = BE6DA4622509E00A00617654 /* AvatarView.swift */; };
		BE6DA4652509E48B00617654 /* Avatar.swift in Sources */ = {isa = PBXBuildFile; fileRef = BE6DA4642509E48A00617654 /* Avatar.swift */; };
		BE6DA4672509ED5700617654 /* FormView.swift in Sources */ = {isa = PBXBuildFile; fileRef = BE6DA4662509ED5700617654 /* FormView.swift */; };
		BE96448C250B4AFF0016D98F /* AvatarCell.swift in Sources */ = {isa = PBXBuildFile; fileRef = BE96448B250B4AFF0016D98F /* AvatarCell.swift */; };
		BE96448E250BE4DC0016D98F /* Constants.swift in Sources */ = {isa = PBXBuildFile; fileRef = BE96448D250BE4DC0016D98F /* Constants.swift */; };
		BE964490250BF7B40016D98F /* ButtonView.swift in Sources */ = {isa = PBXBuildFile; fileRef = BE96448F250BF7B40016D98F /* ButtonView.swift */; };
		BEB09964250FD73D00F60473 /* KeyboardResponder.swift in Sources */ = {isa = PBXBuildFile; fileRef = BEB09963250FD73D00F60473 /* KeyboardResponder.swift */; };
		BEB09966250FEACA00F60473 /* Validation.swift in Sources */ = {isa = PBXBuildFile; fileRef = BEB09965250FEACA00F60473 /* Validation.swift */; };
		BEF88EDF2508777B007C34C4 /* Profile.swift in Sources */ = {isa = PBXBuildFile; fileRef = BEF88EDE2508777B007C34C4 /* Profile.swift */; };
/* End PBXBuildFile section */

/* Begin PBXFileReference section */
		BE5F2839250871A80059099A /* Signup.app */ = {isa = PBXFileReference; explicitFileType = wrapper.application; includeInIndex = 0; path = Signup.app; sourceTree = BUILT_PRODUCTS_DIR; };
		BE5F283C250871A80059099A /* AppDelegate.swift */ = {isa = PBXFileReference; lastKnownFileType = sourcecode.swift; path = AppDelegate.swift; sourceTree = "<group>"; };
		BE5F283E250871A80059099A /* SceneDelegate.swift */ = {isa = PBXFileReference; lastKnownFileType = sourcecode.swift; path = SceneDelegate.swift; sourceTree = "<group>"; };
		BE5F2840250871A80059099A /* ContentView.swift */ = {isa = PBXFileReference; lastKnownFileType = sourcecode.swift; path = ContentView.swift; sourceTree = "<group>"; };
		BE5F2842250871AB0059099A /* Assets.xcassets */ = {isa = PBXFileReference; lastKnownFileType = folder.assetcatalog; path = Assets.xcassets; sourceTree = "<group>"; };
		BE5F2845250871AB0059099A /* Preview Assets.xcassets */ = {isa = PBXFileReference; lastKnownFileType = folder.assetcatalog; path = "Preview Assets.xcassets"; sourceTree = "<group>"; };
		BE5F2848250871AB0059099A /* Base */ = {isa = PBXFileReference; lastKnownFileType = file.storyboard; name = Base; path = Base.lproj/LaunchScreen.storyboard; sourceTree = "<group>"; };
		BE5F284A250871AC0059099A /* Info.plist */ = {isa = PBXFileReference; lastKnownFileType = text.plist.xml; path = Info.plist; sourceTree = "<group>"; };
		BE5F2850250872250059099A /* SignupScreen.swift */ = {isa = PBXFileReference; lastKnownFileType = sourcecode.swift; path = SignupScreen.swift; sourceTree = "<group>"; };
		BE6DA4622509E00A00617654 /* AvatarView.swift */ = {isa = PBXFileReference; lastKnownFileType = sourcecode.swift; path = AvatarView.swift; sourceTree = "<group>"; };
		BE6DA4642509E48A00617654 /* Avatar.swift */ = {isa = PBXFileReference; lastKnownFileType = sourcecode.swift; path = Avatar.swift; sourceTree = "<group>"; };
		BE6DA4662509ED5700617654 /* FormView.swift */ = {isa = PBXFileReference; lastKnownFileType = sourcecode.swift; path = FormView.swift; sourceTree = "<group>"; };
		BE96448B250B4AFF0016D98F /* AvatarCell.swift */ = {isa = PBXFileReference; lastKnownFileType = sourcecode.swift; path = AvatarCell.swift; sourceTree = "<group>"; };
		BE96448D250BE4DC0016D98F /* Constants.swift */ = {isa = PBXFileReference; lastKnownFileType = sourcecode.swift; path = Constants.swift; sourceTree = "<group>"; };
		BE96448F250BF7B40016D98F /* ButtonView.swift */ = {isa = PBXFileReference; lastKnownFileType = sourcecode.swift; path = ButtonView.swift; sourceTree = "<group>"; };
		BEB09963250FD73D00F60473 /* KeyboardResponder.swift */ = {isa = PBXFileReference; lastKnownFileType = sourcecode.swift; path = KeyboardResponder.swift; sourceTree = "<group>"; };
		BEB09965250FEACA00F60473 /* Validation.swift */ = {isa = PBXFileReference; lastKnownFileType = sourcecode.swift; path = Validation.swift; sourceTree = "<group>"; };
		BEF88EDE2508777B007C34C4 /* Profile.swift */ = {isa = PBXFileReference; lastKnownFileType = sourcecode.swift; path = Profile.swift; sourceTree = "<group>"; };
/* End PBXFileReference section */

/* Begin PBXFrameworksBuildPhase section */
		BE5F2836250871A80059099A /* Frameworks */ = {
			isa = PBXFrameworksBuildPhase;
			buildActionMask = 2147483647;
			files = (
			);
			runOnlyForDeploymentPostprocessing = 0;
		};
/* End PBXFrameworksBuildPhase section */

/* Begin PBXGroup section */
		BE5F2830250871A80059099A = {
			isa = PBXGroup;
			children = (
				BE5F283B250871A80059099A /* Signup */,
				BE5F283A250871A80059099A /* Products */,
			);
			sourceTree = "<group>";
		};
		BE5F283A250871A80059099A /* Products */ = {
			isa = PBXGroup;
			children = (
				BE5F2839250871A80059099A /* Signup.app */,
			);
			name = Products;
			sourceTree = "<group>";
		};
		BE5F283B250871A80059099A /* Signup */ = {
			isa = PBXGroup;
			children = (
				BE96448D250BE4DC0016D98F /* Constants.swift */,
				BEB09963250FD73D00F60473 /* KeyboardResponder.swift */,
				BEF88EE025087798007C34C4 /* Model */,
				BE5F28522508724D0059099A /* Screens */,
				BE5F283C250871A80059099A /* AppDelegate.swift */,
				BE5F283E250871A80059099A /* SceneDelegate.swift */,
				BE5F2842250871AB0059099A /* Assets.xcassets */,
				BE5F2847250871AB0059099A /* LaunchScreen.storyboard */,
				BE5F284A250871AC0059099A /* Info.plist */,
				BE5F2844250871AB0059099A /* Preview Content */,
			);
			path = Signup;
			sourceTree = "<group>";
		};
		BE5F2844250871AB0059099A /* Preview Content */ = {
			isa = PBXGroup;
			children = (
				BE5F2845250871AB0059099A /* Preview Assets.xcassets */,
			);
			path = "Preview Content";
			sourceTree = "<group>";
		};
		BE5F28522508724D0059099A /* Screens */ = {
			isa = PBXGroup;
			children = (
				BE5F2840250871A80059099A /* ContentView.swift */,
				BE5F2850250872250059099A /* SignupScreen.swift */,
				BE6DA4622509E00A00617654 /* AvatarView.swift */,
				BE96448B250B4AFF0016D98F /* AvatarCell.swift */,
				BE6DA4662509ED5700617654 /* FormView.swift */,
				BE96448F250BF7B40016D98F /* ButtonView.swift */,
			);
			path = Screens;
			sourceTree = "<group>";
		};
		BEF88EE025087798007C34C4 /* Model */ = {
			isa = PBXGroup;
			children = (
				BEF88EDE2508777B007C34C4 /* Profile.swift */,
				BE6DA4642509E48A00617654 /* Avatar.swift */,
				BEB09965250FEACA00F60473 /* Validation.swift */,
			);
			path = Model;
			sourceTree = "<group>";
		};
/* End PBXGroup section */

/* Begin PBXNativeTarget section */
		BE5F2838250871A80059099A /* Signup */ = {
			isa = PBXNativeTarget;
			buildConfigurationList = BE5F284D250871AC0059099A /* Build configuration list for PBXNativeTarget "Signup" */;
			buildPhases = (
				BE5F2835250871A80059099A /* Sources */,
				BE5F2836250871A80059099A /* Frameworks */,
				BE5F2837250871A80059099A /* Resources */,
			);
			buildRules = (
			);
			dependencies = (
			);
			name = Signup;
			productName = Signup;
			productReference = BE5F2839250871A80059099A /* Signup.app */;
			productType = "com.apple.product-type.application";
		};
/* End PBXNativeTarget section */

/* Begin PBXProject section */
		BE5F2831250871A80059099A /* Project object */ = {
			isa = PBXProject;
			attributes = {
				LastSwiftUpdateCheck = 1130;
				LastUpgradeCheck = 1130;
				ORGANIZATIONNAME = "Kismet Development";
				TargetAttributes = {
					BE5F2838250871A80059099A = {
						CreatedOnToolsVersion = 11.3.1;
					};
				};
			};
			buildConfigurationList = BE5F2834250871A80059099A /* Build configuration list for PBXProject "Signup" */;
			compatibilityVersion = "Xcode 9.3";
			developmentRegion = en;
			hasScannedForEncodings = 0;
			knownRegions = (
				en,
				Base,
			);
			mainGroup = BE5F2830250871A80059099A;
			productRefGroup = BE5F283A250871A80059099A /* Products */;
			projectDirPath = "";
			projectRoot = "";
			targets = (
				BE5F2838250871A80059099A /* Signup */,
			);
		};
/* End PBXProject section */

/* Begin PBXResourcesBuildPhase section */
		BE5F2837250871A80059099A /* Resources */ = {
			isa = PBXResourcesBuildPhase;
			buildActionMask = 2147483647;
			files = (
				BE5F2849250871AB0059099A /* LaunchScreen.storyboard in Resources */,
				BE5F2846250871AB0059099A /* Preview Assets.xcassets in Resources */,
				BE5F2843250871AB0059099A /* Assets.xcassets in Resources */,
			);
			runOnlyForDeploymentPostprocessing = 0;
		};
/* End PBXResourcesBuildPhase section */

/* Begin PBXSourcesBuildPhase section */
		BE5F2835250871A80059099A /* Sources */ = {
			isa = PBXSourcesBuildPhase;
			buildActionMask = 2147483647;
			files = (
				BE5F283D250871A80059099A /* AppDelegate.swift in Sources */,
				BE96448C250B4AFF0016D98F /* AvatarCell.swift in Sources */,
				BEF88EDF2508777B007C34C4 /* Profile.swift in Sources */,
				BE6DA4652509E48B00617654 /* Avatar.swift in Sources */,
				BEB09966250FEACA00F60473 /* Validation.swift in Sources */,
				BE5F283F250871A80059099A /* SceneDelegate.swift in Sources */,
				BEB09964250FD73D00F60473 /* KeyboardResponder.swift in Sources */,
				BE96448E250BE4DC0016D98F /* Constants.swift in Sources */,
				BE964490250BF7B40016D98F /* ButtonView.swift in Sources */,
				BE5F2841250871A80059099A /* ContentView.swift in Sources */,
				BE6DA4632509E00A00617654 /* AvatarView.swift in Sources */,
				BE5F2851250872250059099A /* SignupScreen.swift in Sources */,
				BE6DA4672509ED5700617654 /* FormView.swift in Sources */,
			);
			runOnlyForDeploymentPostprocessing = 0;
		};
/* End PBXSourcesBuildPhase section */

/* Begin PBXVariantGroup section */
		BE5F2847250871AB0059099A /* LaunchScreen.storyboard */ = {
			isa = PBXVariantGroup;
			children = (
				BE5F2848250871AB0059099A /* Base */,
			);
			name = LaunchScreen.storyboard;
			sourceTree = "<group>";
		};
/* End PBXVariantGroup section */

/* Begin XCBuildConfiguration section */
		BE5F284B250871AC0059099A /* Debug */ = {
			isa = XCBuildConfiguration;
			buildSettings = {
				ALWAYS_SEARCH_USER_PATHS = NO;
				CLANG_ANALYZER_NONNULL = YES;
				CLANG_ANALYZER_NUMBER_OBJECT_CONVERSION = YES_AGGRESSIVE;
				CLANG_CXX_LANGUAGE_STANDARD = "gnu++14";
				CLANG_CXX_LIBRARY = "libc++";
				CLANG_ENABLE_MODULES = YES;
				CLANG_ENABLE_OBJC_ARC = YES;
				CLANG_ENABLE_OBJC_WEAK = YES;
				CLANG_WARN_BLOCK_CAPTURE_AUTORELEASING = YES;
				CLANG_WARN_BOOL_CONVERSION = YES;
				CLANG_WARN_COMMA = YES;
				CLANG_WARN_CONSTANT_CONVERSION = YES;
				CLANG_WARN_DEPRECATED_OBJC_IMPLEMENTATIONS = YES;
				CLANG_WARN_DIRECT_OBJC_ISA_USAGE = YES_ERROR;
				CLANG_WARN_DOCUMENTATION_COMMENTS = YES;
				CLANG_WARN_EMPTY_BODY = YES;
				CLANG_WARN_ENUM_CONVERSION = YES;
				CLANG_WARN_INFINITE_RECURSION = YES;
				CLANG_WARN_INT_CONVERSION = YES;
				CLANG_WARN_NON_LITERAL_NULL_CONVERSION = YES;
				CLANG_WARN_OBJC_IMPLICIT_RETAIN_SELF = YES;
				CLANG_WARN_OBJC_LITERAL_CONVERSION = YES;
				CLANG_WARN_OBJC_ROOT_CLASS = YES_ERROR;
				CLANG_WARN_RANGE_LOOP_ANALYSIS = YES;
				CLANG_WARN_STRICT_PROTOTYPES = YES;
				CLANG_WARN_SUSPICIOUS_MOVE = YES;
				CLANG_WARN_UNGUARDED_AVAILABILITY = YES_AGGRESSIVE;
				CLANG_WARN_UNREACHABLE_CODE = YES;
				CLANG_WARN__DUPLICATE_METHOD_MATCH = YES;
				COPY_PHASE_STRIP = NO;
				DEBUG_INFORMATION_FORMAT = dwarf;
				ENABLE_STRICT_OBJC_MSGSEND = YES;
				ENABLE_TESTABILITY = YES;
				GCC_C_LANGUAGE_STANDARD = gnu11;
				GCC_DYNAMIC_NO_PIC = NO;
				GCC_NO_COMMON_BLOCKS = YES;
				GCC_OPTIMIZATION_LEVEL = 0;
				GCC_PREPROCESSOR_DEFINITIONS = (
					"DEBUG=1",
					"$(inherited)",
				);
				GCC_WARN_64_TO_32_BIT_CONVERSION = YES;
				GCC_WARN_ABOUT_RETURN_TYPE = YES_ERROR;
				GCC_WARN_UNDECLARED_SELECTOR = YES;
				GCC_WARN_UNINITIALIZED_AUTOS = YES_AGGRESSIVE;
				GCC_WARN_UNUSED_FUNCTION = YES;
				GCC_WARN_UNUSED_VARIABLE = YES;
				IPHONEOS_DEPLOYMENT_TARGET = 13.2;
				MTL_ENABLE_DEBUG_INFO = INCLUDE_SOURCE;
				MTL_FAST_MATH = YES;
				ONLY_ACTIVE_ARCH = YES;
				SDKROOT = iphoneos;
				SWIFT_ACTIVE_COMPILATION_CONDITIONS = DEBUG;
				SWIFT_OPTIMIZATION_LEVEL = "-Onone";
			};
			name = Debug;
		};
		BE5F284C250871AC0059099A /* Release */ = {
			isa = XCBuildConfiguration;
			buildSettings = {
				ALWAYS_SEARCH_USER_PATHS = NO;
				CLANG_ANALYZER_NONNULL = YES;
				CLANG_ANALYZER_NUMBER_OBJECT_CONVERSION = YES_AGGRESSIVE;
				CLANG_CXX_LANGUAGE_STANDARD = "gnu++14";
				CLANG_CXX_LIBRARY = "libc++";
				CLANG_ENABLE_MODULES = YES;
				CLANG_ENABLE_OBJC_ARC = YES;
				CLANG_ENABLE_OBJC_WEAK = YES;
				CLANG_WARN_BLOCK_CAPTURE_AUTORELEASING = YES;
				CLANG_WARN_BOOL_CONVERSION = YES;
				CLANG_WARN_COMMA = YES;
				CLANG_WARN_CONSTANT_CONVERSION = YES;
				CLANG_WARN_DEPRECATED_OBJC_IMPLEMENTATIONS = YES;
				CLANG_WARN_DIRECT_OBJC_ISA_USAGE = YES_ERROR;
				CLANG_WARN_DOCUMENTATION_COMMENTS = YES;
				CLANG_WARN_EMPTY_BODY = YES;
				CLANG_WARN_ENUM_CONVERSION = YES;
				CLANG_WARN_INFINITE_RECURSION = YES;
				CLANG_WARN_INT_CONVERSION = YES;
				CLANG_WARN_NON_LITERAL_NULL_CONVERSION = YES;
				CLANG_WARN_OBJC_IMPLICIT_RETAIN_SELF = YES;
				CLANG_WARN_OBJC_LITERAL_CONVERSION = YES;
				CLANG_WARN_OBJC_ROOT_CLASS = YES_ERROR;
				CLANG_WARN_RANGE_LOOP_ANALYSIS = YES;
				CLANG_WARN_STRICT_PROTOTYPES = YES;
				CLANG_WARN_SUSPICIOUS_MOVE = YES;
				CLANG_WARN_UNGUARDED_AVAILABILITY = YES_AGGRESSIVE;
				CLANG_WARN_UNREACHABLE_CODE = YES;
				CLANG_WARN__DUPLICATE_METHOD_MATCH = YES;
				COPY_PHASE_STRIP = NO;
				DEBUG_INFORMATION_FORMAT = "dwarf-with-dsym";
				ENABLE_NS_ASSERTIONS = NO;
				ENABLE_STRICT_OBJC_MSGSEND = YES;
				GCC_C_LANGUAGE_STANDARD = gnu11;
				GCC_NO_COMMON_BLOCKS = YES;
				GCC_WARN_64_TO_32_BIT_CONVERSION = YES;
				GCC_WARN_ABOUT_RETURN_TYPE = YES_ERROR;
				GCC_WARN_UNDECLARED_SELECTOR = YES;
				GCC_WARN_UNINITIALIZED_AUTOS = YES_AGGRESSIVE;
				GCC_WARN_UNUSED_FUNCTION = YES;
				GCC_WARN_UNUSED_VARIABLE = YES;
				IPHONEOS_DEPLOYMENT_TARGET = 13.2;
				MTL_ENABLE_DEBUG_INFO = NO;
				MTL_FAST_MATH = YES;
				SDKROOT = iphoneos;
				SWIFT_COMPILATION_MODE = wholemodule;
				SWIFT_OPTIMIZATION_LEVEL = "-O";
				VALIDATE_PRODUCT = YES;
			};
			name = Release;
		};
		BE5F284E250871AC0059099A /* Debug */ = {
			isa = XCBuildConfiguration;
			buildSettings = {
				ASSETCATALOG_COMPILER_APPICON_NAME = AppIcon;
				CODE_SIGN_STYLE = Automatic;
				DEVELOPMENT_ASSET_PATHS = "\"Signup/Preview Content\"";
				DEVELOPMENT_TEAM = B5D85LZH9D;
				ENABLE_PREVIEWS = YES;
				INFOPLIST_FILE = Signup/Info.plist;
				LD_RUNPATH_SEARCH_PATHS = (
					"$(inherited)",
					"@executable_path/Frameworks",
				);
				PRODUCT_BUNDLE_IDENTIFIER = com.kismetdevelopment.Signup;
				PRODUCT_NAME = "$(TARGET_NAME)";
				SWIFT_VERSION = 5.0;
				TARGETED_DEVICE_FAMILY = "1,2";
			};
			name = Debug;
		};
		BE5F284F250871AC0059099A /* Release */ = {
			isa = XCBuildConfiguration;
			buildSettings = {
				ASSETCATALOG_COMPILER_APPICON_NAME = AppIcon;
				CODE_SIGN_STYLE = Automatic;
				DEVELOPMENT_ASSET_PATHS = "\"Signup/Preview Content\"";
				DEVELOPMENT_TEAM = B5D85LZH9D;
				ENABLE_PREVIEWS = YES;
				INFOPLIST_FILE = Signup/Info.plist;
				LD_RUNPATH_SEARCH_PATHS = (
					"$(inherited)",
					"@executable_path/Frameworks",
				);
				PRODUCT_BUNDLE_IDENTIFIER = com.kismetdevelopment.Signup;
				PRODUCT_NAME = "$(TARGET_NAME)";
				SWIFT_VERSION = 5.0;
				TARGETED_DEVICE_FAMILY = "1,2";
			};
			name = Release;
		};
/* End XCBuildConfiguration section */

/* Begin XCConfigurationList section */
		BE5F2834250871A80059099A /* Build configuration list for PBXProject "Signup" */ = {
			isa = XCConfigurationList;
			buildConfigurations = (
				BE5F284B250871AC0059099A /* Debug */,
				BE5F284C250871AC0059099A /* Release */,
			);
			defaultConfigurationIsVisible = 0;
			defaultConfigurationName = Release;
		};
		BE5F284D250871AC0059099A /* Build configuration list for PBXNativeTarget "Signup" */ = {
			isa = XCConfigurationList;
			buildConfigurations = (
				BE5F284E250871AC0059099A /* Debug */,
				BE5F284F250871AC0059099A /* Release */,
			);
			defaultConfigurationIsVisible = 0;
			defaultConfigurationName = Release;
		};
/* End XCConfigurationList section */
	};
	rootObject = BE5F2831250871A80059099A /* Project object */;
}
